
Microsoft Visual Studio Solution File, Format Version 11.00
# Visual Studio 2010
Project("{FAE04EC0-301F-11D3-BF4B-00C04F79EFBC}") = "Prototype（创建型-原型模式）", "ColorPrototype\Prototype（创建型-原型模式）.csproj", "{45537B16-50E3-42BF-9663-6BC39D0BB644}"
EndProject
Project("{FAE04EC0-301F-11D3-BF4B-00C04F79EFBC}") = "Interpreter（行为型-解释器）", "Interpreter\Interpreter（行为型-解释器）.csproj", "{A90123E8-5E7A-4C8A-B0EC-9EE45DE2B445}"
EndProject
Project("{FAE04EC0-301F-11D3-BF4B-00C04F79EFBC}") = "Iterator（行为型-迭代器）", "Iterator\Iterator（行为型-迭代器）.csproj", "{5B416059-EDE2-4D0E-936A-F42AA2BF7AC7}"
EndProject
Project("{FAE04EC0-301F-11D3-BF4B-00C04F79EFBC}") = "Mediator（行为型-中介者）", "Mediator\Mediator（行为型-中介者）.csproj", "{16A7DCDD-C351-465A-95FF-14B88007D038}"
EndProject
Project("{FAE04EC0-301F-11D3-BF4B-00C04F79EFBC}") = "Memento（行为型-备忘录）", "Memento\Memento（行为型-备忘录）.csproj", "{78DCB6EC-B620-4216-9F74-DD1DB7CE91DD}"
EndProject
Project("{FAE04EC0-301F-11D3-BF4B-00C04F79EFBC}") = "Template（行为型-模板方法）", "Template\Template（行为型-模板方法）.csproj", "{41A041A1-1610-48B8-9A37-6EC5D700F416}"
EndProject
Project("{FAE04EC0-301F-11D3-BF4B-00C04F79EFBC}") = "ChainofResponsibility（行为型-责任链）", "ChainofResponsibility\ChainofResponsibility（行为型-责任链）.csproj", "{199FE51E-8F93-4E33-845D-3C5865AA0BD7}"
EndProject
Project("{FAE04EC0-301F-11D3-BF4B-00C04F79EFBC}") = "Command（行为型-命令模式）", "Command\Command（行为型-命令模式）.csproj", "{10BF083B-0B1D-452C-BC32-73FB8473EB80}"
EndProject
Project("{FAE04EC0-301F-11D3-BF4B-00C04F79EFBC}") = "Observer（行为型-观察者模式）", "Observer\Observer（行为型-观察者模式）.csproj", "{B4F9B9A1-9545-4EEB-89C5-E5DF43216682}"
EndProject
Project("{FAE04EC0-301F-11D3-BF4B-00C04F79EFBC}") = "State（行为型-状态模式）", "State\State（行为型-状态模式）.csproj", "{40D68A45-E252-4D1C-9D69-159150F1DA91}"
EndProject
Project("{FAE04EC0-301F-11D3-BF4B-00C04F79EFBC}") = "Strategy（行为型-策略模式）", "Strategy\Strategy（行为型-策略模式）.csproj", "{98C487B7-B46D-4736-9CD3-5D2255B820AD}"
EndProject
Project("{FAE04EC0-301F-11D3-BF4B-00C04F79EFBC}") = "Visitor（行为型-访问者）", "Visitor\Visitor（行为型-访问者）.csproj", "{ED35E061-43B4-4B6B-A69A-63B277A2510B}"
EndProject
Project("{2150E333-8FDC-42A3-9474-1A3956D46DE8}") = "创建型", "创建型", "{4D111884-2053-4D38-A5C5-1830DB5E0EA2}"
EndProject
Project("{2150E333-8FDC-42A3-9474-1A3956D46DE8}") = "结构型", "结构型", "{58FD9C63-CC6C-4E0E-A3B7-EAEB1ACDEB8A}"
EndProject
Project("{2150E333-8FDC-42A3-9474-1A3956D46DE8}") = "行为型", "行为型", "{6CA36F5B-299E-43D5-AD1D-D0463C5179E5}"
EndProject
Project("{FAE04EC0-301F-11D3-BF4B-00C04F79EFBC}") = "Builder（创建型-建造者模式）", "Builder\Builder（创建型-建造者模式）.csproj", "{157D97EF-5BDA-4FC0-8C6A-F26C667A25E6}"
EndProject
Project("{FAE04EC0-301F-11D3-BF4B-00C04F79EFBC}") = "Singleton（创建型-单例模式）", "Singleton\Singleton（创建型-单例模式）.csproj", "{E72C7979-2ECC-4D16-AABB-47799743DD71}"
EndProject
Project("{FAE04EC0-301F-11D3-BF4B-00C04F79EFBC}") = "AbstractFactory（创建型-抽象工厂）", "AbstractFactory\AbstractFactory（创建型-抽象工厂）.csproj", "{0A56271B-A45B-49A9-9BF8-7E92485F5C8E}"
EndProject
Project("{FAE04EC0-301F-11D3-BF4B-00C04F79EFBC}") = "FactoryMethod（创建型-工厂方法）", "FactoryMethod\FactoryMethod（创建型-工厂方法）.csproj", "{C9164E83-C479-43EC-89DF-E2D66A22296B}"
EndProject
Project("{FAE04EC0-301F-11D3-BF4B-00C04F79EFBC}") = "SimpleFactory（创建型-简单工厂）", "SimpleFactory\SimpleFactory（创建型-简单工厂）.csproj", "{A1268B7E-E7C5-4ABC-AE4B-7D7F2DDA2932}"
EndProject
Global
	GlobalSection(SolutionConfigurationPlatforms) = preSolution
		Debug|x86 = Debug|x86
		Release|x86 = Release|x86
	EndGlobalSection
	GlobalSection(ProjectConfigurationPlatforms) = postSolution
		{45537B16-50E3-42BF-9663-6BC39D0BB644}.Debug|x86.ActiveCfg = Debug|x86
		{45537B16-50E3-42BF-9663-6BC39D0BB644}.Debug|x86.Build.0 = Debug|x86
		{45537B16-50E3-42BF-9663-6BC39D0BB644}.Release|x86.ActiveCfg = Release|x86
		{45537B16-50E3-42BF-9663-6BC39D0BB644}.Release|x86.Build.0 = Release|x86
		{A90123E8-5E7A-4C8A-B0EC-9EE45DE2B445}.Debug|x86.ActiveCfg = Debug|x86
		{A90123E8-5E7A-4C8A-B0EC-9EE45DE2B445}.Debug|x86.Build.0 = Debug|x86
		{A90123E8-5E7A-4C8A-B0EC-9EE45DE2B445}.Release|x86.ActiveCfg = Release|x86
		{A90123E8-5E7A-4C8A-B0EC-9EE45DE2B445}.Release|x86.Build.0 = Release|x86
		{5B416059-EDE2-4D0E-936A-F42AA2BF7AC7}.Debug|x86.ActiveCfg = Debug|x86
		{5B416059-EDE2-4D0E-936A-F42AA2BF7AC7}.Debug|x86.Build.0 = Debug|x86
		{5B416059-EDE2-4D0E-936A-F42AA2BF7AC7}.Release|x86.ActiveCfg = Release|x86
		{5B416059-EDE2-4D0E-936A-F42AA2BF7AC7}.Release|x86.Build.0 = Release|x86
		{16A7DCDD-C351-465A-95FF-14B88007D038}.Debug|x86.ActiveCfg = Debug|x86
		{16A7DCDD-C351-465A-95FF-14B88007D038}.Debug|x86.Build.0 = Debug|x86
		{16A7DCDD-C351-465A-95FF-14B88007D038}.Release|x86.ActiveCfg = Release|x86
		{16A7DCDD-C351-465A-95FF-14B88007D038}.Release|x86.Build.0 = Release|x86
		{78DCB6EC-B620-4216-9F74-DD1DB7CE91DD}.Debug|x86.ActiveCfg = Debug|x86
		{78DCB6EC-B620-4216-9F74-DD1DB7CE91DD}.Debug|x86.Build.0 = Debug|x86
		{78DCB6EC-B620-4216-9F74-DD1DB7CE91DD}.Release|x86.ActiveCfg = Release|x86
		{78DCB6EC-B620-4216-9F74-DD1DB7CE91DD}.Release|x86.Build.0 = Release|x86
		{41A041A1-1610-48B8-9A37-6EC5D700F416}.Debug|x86.ActiveCfg = Debug|x86
		{41A041A1-1610-48B8-9A37-6EC5D700F416}.Debug|x86.Build.0 = Debug|x86
		{41A041A1-1610-48B8-9A37-6EC5D700F416}.Release|x86.ActiveCfg = Release|x86
		{41A041A1-1610-48B8-9A37-6EC5D700F416}.Release|x86.Build.0 = Release|x86
		{199FE51E-8F93-4E33-845D-3C5865AA0BD7}.Debug|x86.ActiveCfg = Debug|x86
		{199FE51E-8F93-4E33-845D-3C5865AA0BD7}.Debug|x86.Build.0 = Debug|x86
		{199FE51E-8F93-4E33-845D-3C5865AA0BD7}.Release|x86.ActiveCfg = Release|x86
		{199FE51E-8F93-4E33-845D-3C5865AA0BD7}.Release|x86.Build.0 = Release|x86
		{10BF083B-0B1D-452C-BC32-73FB8473EB80}.Debug|x86.ActiveCfg = Debug|x86
		{10BF083B-0B1D-452C-BC32-73FB8473EB80}.Debug|x86.Build.0 = Debug|x86
		{10BF083B-0B1D-452C-BC32-73FB8473EB80}.Release|x86.ActiveCfg = Release|x86
		{10BF083B-0B1D-452C-BC32-73FB8473EB80}.Release|x86.Build.0 = Release|x86
		{B4F9B9A1-9545-4EEB-89C5-E5DF43216682}.Debug|x86.ActiveCfg = Debug|x86
		{B4F9B9A1-9545-4EEB-89C5-E5DF43216682}.Debug|x86.Build.0 = Debug|x86
		{B4F9B9A1-9545-4EEB-89C5-E5DF43216682}.Release|x86.ActiveCfg = Release|x86
		{B4F9B9A1-9545-4EEB-89C5-E5DF43216682}.Release|x86.Build.0 = Release|x86
		{40D68A45-E252-4D1C-9D69-159150F1DA91}.Debug|x86.ActiveCfg = Debug|x86
		{40D68A45-E252-4D1C-9D69-159150F1DA91}.Debug|x86.Build.0 = Debug|x86
		{40D68A45-E252-4D1C-9D69-159150F1DA91}.Release|x86.ActiveCfg = Release|x86
		{40D68A45-E252-4D1C-9D69-159150F1DA91}.Release|x86.Build.0 = Release|x86
		{98C487B7-B46D-4736-9CD3-5D2255B820AD}.Debug|x86.ActiveCfg = Debug|x86
		{98C487B7-B46D-4736-9CD3-5D2255B820AD}.Debug|x86.Build.0 = Debug|x86
		{98C487B7-B46D-4736-9CD3-5D2255B820AD}.Release|x86.ActiveCfg = Release|x86
		{98C487B7-B46D-4736-9CD3-5D2255B820AD}.Release|x86.Build.0 = Release|x86
		{ED35E061-43B4-4B6B-A69A-63B277A2510B}.Debug|x86.ActiveCfg = Debug|x86
		{ED35E061-43B4-4B6B-A69A-63B277A2510B}.Debug|x86.Build.0 = Debug|x86
		{ED35E061-43B4-4B6B-A69A-63B277A2510B}.Release|x86.ActiveCfg = Release|x86
		{ED35E061-43B4-4B6B-A69A-63B277A2510B}.Release|x86.Build.0 = Release|x86
		{157D97EF-5BDA-4FC0-8C6A-F26C667A25E6}.Debug|x86.ActiveCfg = Debug|x86
		{157D97EF-5BDA-4FC0-8C6A-F26C667A25E6}.Debug|x86.Build.0 = Debug|x86
		{157D97EF-5BDA-4FC0-8C6A-F26C667A25E6}.Release|x86.ActiveCfg = Release|x86
		{157D97EF-5BDA-4FC0-8C6A-F26C667A25E6}.Release|x86.Build.0 = Release|x86
		{E72C7979-2ECC-4D16-AABB-47799743DD71}.Debug|x86.ActiveCfg = Debug|x86
		{E72C7979-2ECC-4D16-AABB-47799743DD71}.Debug|x86.Build.0 = Debug|x86
		{E72C7979-2ECC-4D16-AABB-47799743DD71}.Release|x86.ActiveCfg = Release|x86
		{E72C7979-2ECC-4D16-AABB-47799743DD71}.Release|x86.Build.0 = Release|x86
		{0A56271B-A45B-49A9-9BF8-7E92485F5C8E}.Debug|x86.ActiveCfg = Debug|x86
		{0A56271B-A45B-49A9-9BF8-7E92485F5C8E}.Debug|x86.Build.0 = Debug|x86
		{0A56271B-A45B-49A9-9BF8-7E92485F5C8E}.Release|x86.ActiveCfg = Release|x86
		{0A56271B-A45B-49A9-9BF8-7E92485F5C8E}.Release|x86.Build.0 = Release|x86
		{C9164E83-C479-43EC-89DF-E2D66A22296B}.Debug|x86.ActiveCfg = Debug|x86
		{C9164E83-C479-43EC-89DF-E2D66A22296B}.Debug|x86.Build.0 = Debug|x86
		{C9164E83-C479-43EC-89DF-E2D66A22296B}.Release|x86.ActiveCfg = Release|x86
		{C9164E83-C479-43EC-89DF-E2D66A22296B}.Release|x86.Build.0 = Release|x86
		{A1268B7E-E7C5-4ABC-AE4B-7D7F2DDA2932}.Debug|x86.ActiveCfg = Debug|x86
		{A1268B7E-E7C5-4ABC-AE4B-7D7F2DDA2932}.Debug|x86.Build.0 = Debug|x86
		{A1268B7E-E7C5-4ABC-AE4B-7D7F2DDA2932}.Release|x86.ActiveCfg = Release|x86
		{A1268B7E-E7C5-4ABC-AE4B-7D7F2DDA2932}.Release|x86.Build.0 = Release|x86
	EndGlobalSection
	GlobalSection(SolutionProperties) = preSolution
		HideSolutionNode = FALSE
	EndGlobalSection
	GlobalSection(NestedProjects) = preSolution
		{45537B16-50E3-42BF-9663-6BC39D0BB644} = {4D111884-2053-4D38-A5C5-1830DB5E0EA2}
		{157D97EF-5BDA-4FC0-8C6A-F26C667A25E6} = {4D111884-2053-4D38-A5C5-1830DB5E0EA2}
		{E72C7979-2ECC-4D16-AABB-47799743DD71} = {4D111884-2053-4D38-A5C5-1830DB5E0EA2}
		{0A56271B-A45B-49A9-9BF8-7E92485F5C8E} = {4D111884-2053-4D38-A5C5-1830DB5E0EA2}
		{C9164E83-C479-43EC-89DF-E2D66A22296B} = {4D111884-2053-4D38-A5C5-1830DB5E0EA2}
		{A1268B7E-E7C5-4ABC-AE4B-7D7F2DDA2932} = {4D111884-2053-4D38-A5C5-1830DB5E0EA2}
		{199FE51E-8F93-4E33-845D-3C5865AA0BD7} = {6CA36F5B-299E-43D5-AD1D-D0463C5179E5}
		{10BF083B-0B1D-452C-BC32-73FB8473EB80} = {6CA36F5B-299E-43D5-AD1D-D0463C5179E5}
		{A90123E8-5E7A-4C8A-B0EC-9EE45DE2B445} = {6CA36F5B-299E-43D5-AD1D-D0463C5179E5}
		{5B416059-EDE2-4D0E-936A-F42AA2BF7AC7} = {6CA36F5B-299E-43D5-AD1D-D0463C5179E5}
		{16A7DCDD-C351-465A-95FF-14B88007D038} = {6CA36F5B-299E-43D5-AD1D-D0463C5179E5}
		{78DCB6EC-B620-4216-9F74-DD1DB7CE91DD} = {6CA36F5B-299E-43D5-AD1D-D0463C5179E5}
		{B4F9B9A1-9545-4EEB-89C5-E5DF43216682} = {6CA36F5B-299E-43D5-AD1D-D0463C5179E5}
		{40D68A45-E252-4D1C-9D69-159150F1DA91} = {6CA36F5B-299E-43D5-AD1D-D0463C5179E5}
		{98C487B7-B46D-4736-9CD3-5D2255B820AD} = {6CA36F5B-299E-43D5-AD1D-D0463C5179E5}
		{41A041A1-1610-48B8-9A37-6EC5D700F416} = {6CA36F5B-299E-43D5-AD1D-D0463C5179E5}
		{ED35E061-43B4-4B6B-A69A-63B277A2510B} = {6CA36F5B-299E-43D5-AD1D-D0463C5179E5}
	EndGlobalSection
EndGlobal
